
Microsoft Visual Studio Solution File, Format Version 12.00
# Visual Studio 2012
Project("{FAE04EC0-301F-11D3-BF4B-00C04F79EFBC}") = "Messaging", "JustEat.Simples.Messaging\Messaging.csproj", "{899CD315-37B3-46D0-B2DC-FB94C552D968}"
EndProject
Project("{FAE04EC0-301F-11D3-BF4B-00C04F79EFBC}") = "AwsTools", "JustEat.Simples.AwsTools\AwsTools.csproj", "{CBF2110B-C3A4-45E8-BBD6-301D77567043}"
EndProject
Project("{FAE04EC0-301F-11D3-BF4B-00C04F79EFBC}") = "Messaging.UnitTests", "JustEat.Simples.Messaging.UnitTests\Messaging.UnitTests.csproj", "{7E36099E-E6A4-4259-973C-0ABE776377BA}"
EndProject
Project("{FAE04EC0-301F-11D3-BF4B-00C04F79EFBC}") = "NotificationStack", "JustEat.Simples.NotificationStack\NotificationStack.csproj", "{A36B7ECF-A2AA-44CC-9538-7BC28BDDE4E0}"
EndProject
Project("{FAE04EC0-301F-11D3-BF4B-00C04F79EFBC}") = "NotificationStack.UnitTests", "JustEat.Simples.NotificationStack.UnitTests\NotificationStack.UnitTests.csproj", "{A633B28E-00DE-4390-9C58-64170811E0D2}"
EndProject
Project("{FAE04EC0-301F-11D3-BF4B-00C04F79EFBC}") = "AwsTools.UnitTests", "JustEat.Simples.AwsTools.UnitTests\AwsTools.UnitTests.csproj", "{D5F19B9D-F761-4300-A9A1-2A1352CEEB8F}"
EndProject
Project("{FAE04EC0-301F-11D3-BF4B-00C04F79EFBC}") = "JustEat.Simples.DataAccess", "JustEat.Simples.DataAccess\JustEat.Simples.DataAccess.csproj", "{810A2210-CA25-44C2-AFDF-BA5DD3AD60AD}"
EndProject
Project("{FAE04EC0-301F-11D3-BF4B-00C04F79EFBC}") = "JustEat.Simples.DataAccess.UnitTests", "JustEat.Simples.DataAccess.UnitTests\JustEat.Simples.DataAccess.UnitTests.csproj", "{9999618B-2E30-44EE-AF95-D2629EB1CEF4}"
EndProject
Project("{FAE04EC0-301F-11D3-BF4B-00C04F79EFBC}") = "JustEat.Simples.Api", "JustEat.Simples.Api\JustEat.Simples.Api.csproj", "{03F2DA85-A6BA-4935-B7FD-D871F068F6AD}"
EndProject
Global
	GlobalSection(SolutionConfigurationPlatforms) = preSolution
		Debug|Any CPU = Debug|Any CPU
		Release|Any CPU = Release|Any CPU
	EndGlobalSection
	GlobalSection(ProjectConfigurationPlatforms) = postSolution
		{899CD315-37B3-46D0-B2DC-FB94C552D968}.Debug|Any CPU.ActiveCfg = Debug|Any CPU
		{899CD315-37B3-46D0-B2DC-FB94C552D968}.Debug|Any CPU.Build.0 = Debug|Any CPU
		{899CD315-37B3-46D0-B2DC-FB94C552D968}.Release|Any CPU.ActiveCfg = Release|Any CPU
		{899CD315-37B3-46D0-B2DC-FB94C552D968}.Release|Any CPU.Build.0 = Release|Any CPU
		{CBF2110B-C3A4-45E8-BBD6-301D77567043}.Debug|Any CPU.ActiveCfg = Debug|Any CPU
		{CBF2110B-C3A4-45E8-BBD6-301D77567043}.Debug|Any CPU.Build.0 = Debug|Any CPU
		{CBF2110B-C3A4-45E8-BBD6-301D77567043}.Release|Any CPU.ActiveCfg = Release|Any CPU
		{CBF2110B-C3A4-45E8-BBD6-301D77567043}.Release|Any CPU.Build.0 = Release|Any CPU
		{7E36099E-E6A4-4259-973C-0ABE776377BA}.Debug|Any CPU.ActiveCfg = Debug|Any CPU
		{7E36099E-E6A4-4259-973C-0ABE776377BA}.Debug|Any CPU.Build.0 = Debug|Any CPU
		{7E36099E-E6A4-4259-973C-0ABE776377BA}.Release|Any CPU.ActiveCfg = Release|Any CPU
		{7E36099E-E6A4-4259-973C-0ABE776377BA}.Release|Any CPU.Build.0 = Release|Any CPU
		{A36B7ECF-A2AA-44CC-9538-7BC28BDDE4E0}.Debug|Any CPU.ActiveCfg = Debug|Any CPU
		{A36B7ECF-A2AA-44CC-9538-7BC28BDDE4E0}.Debug|Any CPU.Build.0 = Debug|Any CPU
		{A36B7ECF-A2AA-44CC-9538-7BC28BDDE4E0}.Release|Any CPU.ActiveCfg = Release|Any CPU
		{A36B7ECF-A2AA-44CC-9538-7BC28BDDE4E0}.Release|Any CPU.Build.0 = Release|Any CPU
		{A633B28E-00DE-4390-9C58-64170811E0D2}.Debug|Any CPU.ActiveCfg = Debug|Any CPU
		{A633B28E-00DE-4390-9C58-64170811E0D2}.Debug|Any CPU.Build.0 = Debug|Any CPU
		{A633B28E-00DE-4390-9C58-64170811E0D2}.Release|Any CPU.ActiveCfg = Release|Any CPU
		{A633B28E-00DE-4390-9C58-64170811E0D2}.Release|Any CPU.Build.0 = Release|Any CPU
		{D5F19B9D-F761-4300-A9A1-2A1352CEEB8F}.Debug|Any CPU.ActiveCfg = Debug|Any CPU
		{D5F19B9D-F761-4300-A9A1-2A1352CEEB8F}.Debug|Any CPU.Build.0 = Debug|Any CPU
		{D5F19B9D-F761-4300-A9A1-2A1352CEEB8F}.Release|Any CPU.ActiveCfg = Release|Any CPU
		{D5F19B9D-F761-4300-A9A1-2A1352CEEB8F}.Release|Any CPU.Build.0 = Release|Any CPU
		{810A2210-CA25-44C2-AFDF-BA5DD3AD60AD}.Debug|Any CPU.ActiveCfg = Debug|Any CPU
		{810A2210-CA25-44C2-AFDF-BA5DD3AD60AD}.Debug|Any CPU.Build.0 = Debug|Any CPU
		{810A2210-CA25-44C2-AFDF-BA5DD3AD60AD}.Release|Any CPU.ActiveCfg = Release|Any CPU
		{810A2210-CA25-44C2-AFDF-BA5DD3AD60AD}.Release|Any CPU.Build.0 = Release|Any CPU
		{9999618B-2E30-44EE-AF95-D2629EB1CEF4}.Debug|Any CPU.ActiveCfg = Debug|Any CPU
		{9999618B-2E30-44EE-AF95-D2629EB1CEF4}.Debug|Any CPU.Build.0 = Debug|Any CPU
		{9999618B-2E30-44EE-AF95-D2629EB1CEF4}.Release|Any CPU.ActiveCfg = Release|Any CPU
		{9999618B-2E30-44EE-AF95-D2629EB1CEF4}.Release|Any CPU.Build.0 = Release|Any CPU
		{03F2DA85-A6BA-4935-B7FD-D871F068F6AD}.Debug|Any CPU.ActiveCfg = Debug|Any CPU
		{03F2DA85-A6BA-4935-B7FD-D871F068F6AD}.Debug|Any CPU.Build.0 = Debug|Any CPU
		{03F2DA85-A6BA-4935-B7FD-D871F068F6AD}.Release|Any CPU.ActiveCfg = Release|Any CPU
		{03F2DA85-A6BA-4935-B7FD-D871F068F6AD}.Release|Any CPU.Build.0 = Release|Any CPU
	EndGlobalSection
	GlobalSection(SolutionProperties) = preSolution
		HideSolutionNode = FALSE
	EndGlobalSection
EndGlobal
