
Microsoft Visual Studio Solution File, Format Version 12.00
# Visual Studio 2012
Project("{FAE04EC0-301F-11D3-BF4B-00C04F79EFBC}") = "Messaging", "Messages\Messaging.csproj", "{899CD315-37B3-46D0-B2DC-FB94C552D968}"
EndProject
Project("{FAE04EC0-301F-11D3-BF4B-00C04F79EFBC}") = "AwsTools", "AwsTools\AwsTools.csproj", "{CBF2110B-C3A4-45E8-BBD6-301D77567043}"
EndProject
Project("{FAE04EC0-301F-11D3-BF4B-00C04F79EFBC}") = "Messaging.UnitTests", "UnitTests\Messaging.UnitTests.csproj", "{7E36099E-E6A4-4259-973C-0ABE776377BA}"
EndProject
Global
	GlobalSection(SolutionConfigurationPlatforms) = preSolution
		Debug|Any CPU = Debug|Any CPU
		Release|Any CPU = Release|Any CPU
	EndGlobalSection
	GlobalSection(ProjectConfigurationPlatforms) = postSolution
		{899CD315-37B3-46D0-B2DC-FB94C552D968}.Debug|Any CPU.ActiveCfg = Debug|Any CPU
		{899CD315-37B3-46D0-B2DC-FB94C552D968}.Debug|Any CPU.Build.0 = Debug|Any CPU
		{899CD315-37B3-46D0-B2DC-FB94C552D968}.Release|Any CPU.ActiveCfg = Release|Any CPU
		{899CD315-37B3-46D0-B2DC-FB94C552D968}.Release|Any CPU.Build.0 = Release|Any CPU
		{CBF2110B-C3A4-45E8-BBD6-301D77567043}.Debug|Any CPU.ActiveCfg = Debug|Any CPU
		{CBF2110B-C3A4-45E8-BBD6-301D77567043}.Debug|Any CPU.Build.0 = Debug|Any CPU
		{CBF2110B-C3A4-45E8-BBD6-301D77567043}.Release|Any CPU.ActiveCfg = Release|Any CPU
		{CBF2110B-C3A4-45E8-BBD6-301D77567043}.Release|Any CPU.Build.0 = Release|Any CPU
		{7E36099E-E6A4-4259-973C-0ABE776377BA}.Debug|Any CPU.ActiveCfg = Debug|Any CPU
		{7E36099E-E6A4-4259-973C-0ABE776377BA}.Debug|Any CPU.Build.0 = Debug|Any CPU
		{7E36099E-E6A4-4259-973C-0ABE776377BA}.Release|Any CPU.ActiveCfg = Release|Any CPU
		{7E36099E-E6A4-4259-973C-0ABE776377BA}.Release|Any CPU.Build.0 = Release|Any CPU
	EndGlobalSection
	GlobalSection(SolutionProperties) = preSolution
		HideSolutionNode = FALSE
	EndGlobalSection
EndGlobal
