
Microsoft Visual Studio Solution File, Format Version 12.00
# Visual Studio 2013
VisualStudioVersion = 12.0.21005.1
MinimumVisualStudioVersion = 10.0.40219.1
Project("{FAE04EC0-301F-11D3-BF4B-00C04F79EFBC}") = "Messaging", "JustEat.Simples.Messaging\Messaging.csproj", "{899CD315-37B3-46D0-B2DC-FB94C552D968}"
EndProject
Project("{FAE04EC0-301F-11D3-BF4B-00C04F79EFBC}") = "AwsTools", "JustEat.Simples.AwsTools\AwsTools.csproj", "{CBF2110B-C3A4-45E8-BBD6-301D77567043}"
EndProject
Project("{FAE04EC0-301F-11D3-BF4B-00C04F79EFBC}") = "Messaging.UnitTests", "JustEat.Simples.Messaging.UnitTests\Messaging.UnitTests.csproj", "{7E36099E-E6A4-4259-973C-0ABE776377BA}"
EndProject
Project("{FAE04EC0-301F-11D3-BF4B-00C04F79EFBC}") = "NotificationStack", "JustEat.Simples.NotificationStack\NotificationStack.csproj", "{A36B7ECF-A2AA-44CC-9538-7BC28BDDE4E0}"
EndProject
Project("{FAE04EC0-301F-11D3-BF4B-00C04F79EFBC}") = "NotificationStack.UnitTests", "JustEat.Simples.NotificationStack.UnitTests\NotificationStack.UnitTests.csproj", "{A633B28E-00DE-4390-9C58-64170811E0D2}"
EndProject
Project("{FAE04EC0-301F-11D3-BF4B-00C04F79EFBC}") = "AwsTools.UnitTests", "JustEat.Simples.AwsTools.UnitTests\AwsTools.UnitTests.csproj", "{D5F19B9D-F761-4300-A9A1-2A1352CEEB8F}"
EndProject
Project("{FAE04EC0-301F-11D3-BF4B-00C04F79EFBC}") = "NotificationStack.IntegrationTests", "JustEat.Simples.NotificationStack.IntegrationTests\NotificationStack.IntegrationTests.csproj", "{A21D19BF-487E-4AB7-8F81-E7E4D659AACD}"
EndProject
Project("{FAE04EC0-301F-11D3-BF4B-00C04F79EFBC}") = "Tests.MessageStubs", "Tests.MessageStubs\Tests.MessageStubs.csproj", "{26E0A5AC-EE6E-4C82-A859-35964C3FFB94}"
EndProject
Project("{FAE04EC0-301F-11D3-BF4B-00C04F79EFBC}") = "AwsTools.IntegrationTests", "AwsTools.IntegrationTests\AwsTools.IntegrationTests.csproj", "{23E76404-BE2D-4A2A-952B-2683780E1565}"
EndProject
Project("{FAE04EC0-301F-11D3-BF4B-00C04F79EFBC}") = "SimpleMessageMule", "SimpleMessageMule\SimpleMessageMule.csproj", "{3B428F71-9AEF-4E46-8D56-644FC0E808D4}"
EndProject
Project("{FAE04EC0-301F-11D3-BF4B-00C04F79EFBC}") = "SimpleMessageMule.UnitTests", "SimpleMessagingMule.UnitTests\SimpleMessageMule.UnitTests.csproj", "{17BC16D6-121C-4F30-B7D1-0768BEE201F2}"
EndProject
Global
	GlobalSection(SolutionConfigurationPlatforms) = preSolution
		Debug|Any CPU = Debug|Any CPU
		Release|Any CPU = Release|Any CPU
	EndGlobalSection
	GlobalSection(ProjectConfigurationPlatforms) = postSolution
		{899CD315-37B3-46D0-B2DC-FB94C552D968}.Debug|Any CPU.ActiveCfg = Debug|Any CPU
		{899CD315-37B3-46D0-B2DC-FB94C552D968}.Debug|Any CPU.Build.0 = Debug|Any CPU
		{899CD315-37B3-46D0-B2DC-FB94C552D968}.Release|Any CPU.ActiveCfg = Release|Any CPU
		{899CD315-37B3-46D0-B2DC-FB94C552D968}.Release|Any CPU.Build.0 = Release|Any CPU
		{CBF2110B-C3A4-45E8-BBD6-301D77567043}.Debug|Any CPU.ActiveCfg = Debug|Any CPU
		{CBF2110B-C3A4-45E8-BBD6-301D77567043}.Debug|Any CPU.Build.0 = Debug|Any CPU
		{CBF2110B-C3A4-45E8-BBD6-301D77567043}.Release|Any CPU.ActiveCfg = Release|Any CPU
		{CBF2110B-C3A4-45E8-BBD6-301D77567043}.Release|Any CPU.Build.0 = Release|Any CPU
		{7E36099E-E6A4-4259-973C-0ABE776377BA}.Debug|Any CPU.ActiveCfg = Debug|Any CPU
		{7E36099E-E6A4-4259-973C-0ABE776377BA}.Debug|Any CPU.Build.0 = Debug|Any CPU
		{7E36099E-E6A4-4259-973C-0ABE776377BA}.Release|Any CPU.ActiveCfg = Release|Any CPU
		{7E36099E-E6A4-4259-973C-0ABE776377BA}.Release|Any CPU.Build.0 = Release|Any CPU
		{A36B7ECF-A2AA-44CC-9538-7BC28BDDE4E0}.Debug|Any CPU.ActiveCfg = Debug|Any CPU
		{A36B7ECF-A2AA-44CC-9538-7BC28BDDE4E0}.Debug|Any CPU.Build.0 = Debug|Any CPU
		{A36B7ECF-A2AA-44CC-9538-7BC28BDDE4E0}.Release|Any CPU.ActiveCfg = Release|Any CPU
		{A36B7ECF-A2AA-44CC-9538-7BC28BDDE4E0}.Release|Any CPU.Build.0 = Release|Any CPU
		{A633B28E-00DE-4390-9C58-64170811E0D2}.Debug|Any CPU.ActiveCfg = Debug|Any CPU
		{A633B28E-00DE-4390-9C58-64170811E0D2}.Debug|Any CPU.Build.0 = Debug|Any CPU
		{A633B28E-00DE-4390-9C58-64170811E0D2}.Release|Any CPU.ActiveCfg = Release|Any CPU
		{A633B28E-00DE-4390-9C58-64170811E0D2}.Release|Any CPU.Build.0 = Release|Any CPU
		{D5F19B9D-F761-4300-A9A1-2A1352CEEB8F}.Debug|Any CPU.ActiveCfg = Debug|Any CPU
		{D5F19B9D-F761-4300-A9A1-2A1352CEEB8F}.Debug|Any CPU.Build.0 = Debug|Any CPU
		{D5F19B9D-F761-4300-A9A1-2A1352CEEB8F}.Release|Any CPU.ActiveCfg = Release|Any CPU
		{D5F19B9D-F761-4300-A9A1-2A1352CEEB8F}.Release|Any CPU.Build.0 = Release|Any CPU
		{A21D19BF-487E-4AB7-8F81-E7E4D659AACD}.Debug|Any CPU.ActiveCfg = Debug|Any CPU
		{A21D19BF-487E-4AB7-8F81-E7E4D659AACD}.Debug|Any CPU.Build.0 = Debug|Any CPU
		{A21D19BF-487E-4AB7-8F81-E7E4D659AACD}.Release|Any CPU.ActiveCfg = Release|Any CPU
		{A21D19BF-487E-4AB7-8F81-E7E4D659AACD}.Release|Any CPU.Build.0 = Release|Any CPU
		{26E0A5AC-EE6E-4C82-A859-35964C3FFB94}.Debug|Any CPU.ActiveCfg = Debug|Any CPU
		{26E0A5AC-EE6E-4C82-A859-35964C3FFB94}.Debug|Any CPU.Build.0 = Debug|Any CPU
		{26E0A5AC-EE6E-4C82-A859-35964C3FFB94}.Release|Any CPU.ActiveCfg = Release|Any CPU
		{26E0A5AC-EE6E-4C82-A859-35964C3FFB94}.Release|Any CPU.Build.0 = Release|Any CPU
		{23E76404-BE2D-4A2A-952B-2683780E1565}.Debug|Any CPU.ActiveCfg = Debug|Any CPU
		{23E76404-BE2D-4A2A-952B-2683780E1565}.Debug|Any CPU.Build.0 = Debug|Any CPU
		{23E76404-BE2D-4A2A-952B-2683780E1565}.Release|Any CPU.ActiveCfg = Release|Any CPU
		{23E76404-BE2D-4A2A-952B-2683780E1565}.Release|Any CPU.Build.0 = Release|Any CPU
		{3B428F71-9AEF-4E46-8D56-644FC0E808D4}.Debug|Any CPU.ActiveCfg = Debug|Any CPU
		{3B428F71-9AEF-4E46-8D56-644FC0E808D4}.Debug|Any CPU.Build.0 = Debug|Any CPU
		{3B428F71-9AEF-4E46-8D56-644FC0E808D4}.Release|Any CPU.ActiveCfg = Release|Any CPU
		{3B428F71-9AEF-4E46-8D56-644FC0E808D4}.Release|Any CPU.Build.0 = Release|Any CPU
		{17BC16D6-121C-4F30-B7D1-0768BEE201F2}.Debug|Any CPU.ActiveCfg = Debug|Any CPU
		{17BC16D6-121C-4F30-B7D1-0768BEE201F2}.Debug|Any CPU.Build.0 = Debug|Any CPU
		{17BC16D6-121C-4F30-B7D1-0768BEE201F2}.Release|Any CPU.ActiveCfg = Release|Any CPU
		{17BC16D6-121C-4F30-B7D1-0768BEE201F2}.Release|Any CPU.Build.0 = Release|Any CPU
	EndGlobalSection
	GlobalSection(SolutionProperties) = preSolution
		HideSolutionNode = FALSE
	EndGlobalSection
EndGlobal
